
Microsoft Visual Studio Solution File, Format Version 12.00
# Visual Studio Version 16
VisualStudioVersion = 16.0.32228.343
MinimumVisualStudioVersion = 10.0.40219.1
Project("{9A19103F-16F7-4668-BE54-9A1E7A4F7556}") = "Jokenpo_Game", "Jokenpo_Game\Jokenpo_Game.csproj", "{1CFC9CC2-0C00-4AA2-A541-F362162963E7}"
EndProject
Project("{9A19103F-16F7-4668-BE54-9A1E7A4F7556}") = "Jokenpo_Game.Application", "Jokenpo_Game.Application\Jokenpo_Game.Application.csproj", "{5DF8A22E-7A0A-444D-9B0B-FE20033C974C}"
EndProject
Global
	GlobalSection(SolutionConfigurationPlatforms) = preSolution
		Debug|Any CPU = Debug|Any CPU
		Release|Any CPU = Release|Any CPU
	EndGlobalSection
	GlobalSection(ProjectConfigurationPlatforms) = postSolution
		{1CFC9CC2-0C00-4AA2-A541-F362162963E7}.Debug|Any CPU.ActiveCfg = Debug|Any CPU
		{1CFC9CC2-0C00-4AA2-A541-F362162963E7}.Debug|Any CPU.Build.0 = Debug|Any CPU
		{1CFC9CC2-0C00-4AA2-A541-F362162963E7}.Release|Any CPU.ActiveCfg = Release|Any CPU
		{1CFC9CC2-0C00-4AA2-A541-F362162963E7}.Release|Any CPU.Build.0 = Release|Any CPU
		{5DF8A22E-7A0A-444D-9B0B-FE20033C974C}.Debug|Any CPU.ActiveCfg = Debug|Any CPU
		{5DF8A22E-7A0A-444D-9B0B-FE20033C974C}.Debug|Any CPU.Build.0 = Debug|Any CPU
		{5DF8A22E-7A0A-444D-9B0B-FE20033C974C}.Release|Any CPU.ActiveCfg = Release|Any CPU
		{5DF8A22E-7A0A-444D-9B0B-FE20033C974C}.Release|Any CPU.Build.0 = Release|Any CPU
	EndGlobalSection
	GlobalSection(SolutionProperties) = preSolution
		HideSolutionNode = FALSE
	EndGlobalSection
	GlobalSection(ExtensibilityGlobals) = postSolution
		SolutionGuid = {19AFF1AE-C9F4-4301-BC79-ADE0C9AB63D9}
	EndGlobalSection
EndGlobal
